Microsoft Visual Studio Solution File, Format Version 12.00
# Visual Studio Version 17
VisualStudioVersion = 17.5.2.0
MinimumVisualStudioVersion = 10.0.40219.1
Project("{FAE04EC0-301F-11D3-BF4B-00C04F79EFBC}") = "youtube-etl-do-zero", "youtube-etl-do-zero.csproj", "{07FE4781-2D98-0DA1-7EB3-92E79F9B695A}"
EndProject
Global
	GlobalSection(SolutionConfigurationPlatforms) = preSolution
		Debug|Any CPU = Debug|Any CPU
		Release|Any CPU = Release|Any CPU
	EndGlobalSection
	GlobalSection(ProjectConfigurationPlatforms) = postSolution
		{07FE4781-2D98-0DA1-7EB3-92E79F9B695A}.Debug|Any CPU.ActiveCfg = Debug|Any CPU
		{07FE4781-2D98-0DA1-7EB3-92E79F9B695A}.Debug|Any CPU.Build.0 = Debug|Any CPU
		{07FE4781-2D98-0DA1-7EB3-92E79F9B695A}.Release|Any CPU.ActiveCfg = Release|Any CPU
		{07FE4781-2D98-0DA1-7EB3-92E79F9B695A}.Release|Any CPU.Build.0 = Release|Any CPU
	EndGlobalSection
	GlobalSection(SolutionProperties) = preSolution
		HideSolutionNode = FALSE
	EndGlobalSection
	GlobalSection(ExtensibilityGlobals) = postSolution
		SolutionGuid = {59AB6A9A-90A2-4975-88E3-A135CA6B3679}
	EndGlobalSection
EndGlobal
